
Microsoft Visual Studio Solution File, Format Version 12.00
# Visual Studio Version 17
VisualStudioVersion = 17.7.34031.279
MinimumVisualStudioVersion = 10.0.40219.1
Project("{9A19103F-16F7-4668-BE54-9A1E7A4F7556}") = "Kursova.Contracts", "Kursova.Contracts\Kursova.Contracts.csproj", "{EBDAF9AC-F92B-4F85-889B-D69956DA90E4}"
EndProject
Project("{FAE04EC0-301F-11D3-BF4B-00C04F79EFBC}") = "API", "API\API.csproj", "{7778BA5C-1E20-4418-9B03-134D83DA39C8}"
EndProject
Global
	GlobalSection(SolutionConfigurationPlatforms) = preSolution
		Debug|Any CPU = Debug|Any CPU
		Release|Any CPU = Release|Any CPU
	EndGlobalSection
	GlobalSection(ProjectConfigurationPlatforms) = postSolution
		{EBDAF9AC-F92B-4F85-889B-D69956DA90E4}.Debug|Any CPU.ActiveCfg = Debug|Any CPU
		{EBDAF9AC-F92B-4F85-889B-D69956DA90E4}.Debug|Any CPU.Build.0 = Debug|Any CPU
		{EBDAF9AC-F92B-4F85-889B-D69956DA90E4}.Release|Any CPU.ActiveCfg = Release|Any CPU
		{EBDAF9AC-F92B-4F85-889B-D69956DA90E4}.Release|Any CPU.Build.0 = Release|Any CPU
		{7778BA5C-1E20-4418-9B03-134D83DA39C8}.Debug|Any CPU.ActiveCfg = Debug|Any CPU
		{7778BA5C-1E20-4418-9B03-134D83DA39C8}.Debug|Any CPU.Build.0 = Debug|Any CPU
		{7778BA5C-1E20-4418-9B03-134D83DA39C8}.Release|Any CPU.ActiveCfg = Release|Any CPU
		{7778BA5C-1E20-4418-9B03-134D83DA39C8}.Release|Any CPU.Build.0 = Release|Any CPU
	EndGlobalSection
	GlobalSection(SolutionProperties) = preSolution
		HideSolutionNode = FALSE
	EndGlobalSection
	GlobalSection(ExtensibilityGlobals) = postSolution
		SolutionGuid = {D3C47E8B-EE9D-4914-A384-D2557B8432F8}
	EndGlobalSection
EndGlobal
